
Microsoft Visual Studio Solution File, Format Version 12.00
# Visual Studio Version 17
VisualStudioVersion = 17.14.37314.3
MinimumVisualStudioVersion = 10.0.40219.1
Project("{FAE04EC0-301F-11D3-BF4B-00C04F79EFBC}") = "Toast.AndroidOS", "Toast.AndroidOS\Toast.AndroidOS.csproj", "{6C6F28CB-65DC-4984-94C2-2AC43A013391}"
EndProject
Project("{FAE04EC0-301F-11D3-BF4B-00C04F79EFBC}") = "Toast.Core", "Toast.Core\Toast.Core.csproj", "{F656E1B1-0D96-47BD-97D0-C4EF356E356E}"
EndProject
Project("{FAE04EC0-301F-11D3-BF4B-00C04F79EFBC}") = "Toast.Tests", "Toast.Tests\Toast.Tests.csproj", "{5EBC0C44-1854-4857-8A85-4E690A98C05A}"
EndProject
Project("{2150E333-8FDC-42A3-9474-1A3956D46DE8}") = "docs", "docs", "{36D591C7-65C7-A0D1-1CBC-10CDE441BDC8}"
	ProjectSection(SolutionItems) = preProject
		architecture.md = architecture.md
	EndProjectSection
EndProject
Global
	GlobalSection(SolutionConfigurationPlatforms) = preSolution
		Debug|Any CPU = Debug|Any CPU
		Release|Any CPU = Release|Any CPU
	EndGlobalSection
	GlobalSection(ProjectConfigurationPlatforms) = postSolution
		{6C6F28CB-65DC-4984-94C2-2AC43A013391}.Debug|Any CPU.ActiveCfg = Debug|Any CPU
		{6C6F28CB-65DC-4984-94C2-2AC43A013391}.Debug|Any CPU.Build.0 = Debug|Any CPU
		{6C6F28CB-65DC-4984-94C2-2AC43A013391}.Debug|Any CPU.Deploy.0 = Debug|Any CPU
		{6C6F28CB-65DC-4984-94C2-2AC43A013391}.Release|Any CPU.ActiveCfg = Release|Any CPU
		{6C6F28CB-65DC-4984-94C2-2AC43A013391}.Release|Any CPU.Build.0 = Release|Any CPU
		{6C6F28CB-65DC-4984-94C2-2AC43A013391}.Release|Any CPU.Deploy.0 = Release|Any CPU
		{F656E1B1-0D96-47BD-97D0-C4EF356E356E}.Debug|Any CPU.ActiveCfg = Debug|Any CPU
		{F656E1B1-0D96-47BD-97D0-C4EF356E356E}.Debug|Any CPU.Build.0 = Debug|Any CPU
		{F656E1B1-0D96-47BD-97D0-C4EF356E356E}.Release|Any CPU.ActiveCfg = Release|Any CPU
		{F656E1B1-0D96-47BD-97D0-C4EF356E356E}.Release|Any CPU.Build.0 = Release|Any CPU
		{5EBC0C44-1854-4857-8A85-4E690A98C05A}.Debug|Any CPU.ActiveCfg = Debug|Any CPU
		{5EBC0C44-1854-4857-8A85-4E690A98C05A}.Debug|Any CPU.Build.0 = Debug|Any CPU
		{5EBC0C44-1854-4857-8A85-4E690A98C05A}.Release|Any CPU.ActiveCfg = Release|Any CPU
		{5EBC0C44-1854-4857-8A85-4E690A98C05A}.Release|Any CPU.Build.0 = Release|Any CPU
	EndGlobalSection
	GlobalSection(SolutionProperties) = preSolution
		HideSolutionNode = FALSE
	EndGlobalSection
	GlobalSection(ExtensibilityGlobals) = postSolution
		SolutionGuid = {4259F88C-1FAA-4F82-8F0E-407D3E4BBFA7}
	EndGlobalSection
EndGlobal
