
Microsoft Visual Studio Solution File, Format Version 12.00
# Visual Studio Version 17
VisualStudioVersion = 17.14.37314.3 d17.14
MinimumVisualStudioVersion = 10.0.40219.1
Project("{FAE04EC0-301F-11D3-BF4B-00C04F79EFBC}") = "Toast.Server", "Toast.Server\Toast.Server.csproj", "{9B38E3EB-B95C-4956-8D39-6A4E55597B8F}"
EndProject
Project("{FAE04EC0-301F-11D3-BF4B-00C04F79EFBC}") = "Toast.Core.Commands", "..\Toast.Core.Commands\Toast.Core.Commands.csproj", "{DB669640-DA51-3EA3-7EF0-AFF01C7F3156}"
EndProject
Global
	GlobalSection(SolutionConfigurationPlatforms) = preSolution
		Debug|Any CPU = Debug|Any CPU
		Release|Any CPU = Release|Any CPU
	EndGlobalSection
	GlobalSection(ProjectConfigurationPlatforms) = postSolution
		{9B38E3EB-B95C-4956-8D39-6A4E55597B8F}.Debug|Any CPU.ActiveCfg = Debug|Any CPU
		{9B38E3EB-B95C-4956-8D39-6A4E55597B8F}.Debug|Any CPU.Build.0 = Debug|Any CPU
		{9B38E3EB-B95C-4956-8D39-6A4E55597B8F}.Release|Any CPU.ActiveCfg = Release|Any CPU
		{9B38E3EB-B95C-4956-8D39-6A4E55597B8F}.Release|Any CPU.Build.0 = Release|Any CPU
		{DB669640-DA51-3EA3-7EF0-AFF01C7F3156}.Debug|Any CPU.ActiveCfg = Debug|Any CPU
		{DB669640-DA51-3EA3-7EF0-AFF01C7F3156}.Debug|Any CPU.Build.0 = Debug|Any CPU
		{DB669640-DA51-3EA3-7EF0-AFF01C7F3156}.Release|Any CPU.ActiveCfg = Release|Any CPU
		{DB669640-DA51-3EA3-7EF0-AFF01C7F3156}.Release|Any CPU.Build.0 = Release|Any CPU
	EndGlobalSection
	GlobalSection(SolutionProperties) = preSolution
		HideSolutionNode = FALSE
	EndGlobalSection
	GlobalSection(ExtensibilityGlobals) = postSolution
		SolutionGuid = {AC9E875F-037C-4BAB-A7B0-0BEC2AF3BFFC}
	EndGlobalSection
EndGlobal
